
Microsoft Visual Studio Solution File, Format Version 12.00
Project("{2150E333-8FDC-42A3-9474-1A3956D46DE8}") = "src", "src", "{95EDD9D9-EEB1-46C8-9E2A-C29A692CD9EE}"
EndProject
Project("{FAE04EC0-301F-11D3-BF4B-00C04F79EFBC}") = "Domain", "Domain\Domain.csproj", "{5BF27A54-0CBA-472E-8F91-165A6D2C177B}"
EndProject
Project("{FAE04EC0-301F-11D3-BF4B-00C04F79EFBC}") = "Application", "Application\Application.csproj", "{4CD2B7DD-11A2-40AE-B07E-B0202743FA8A}"
EndProject
Project("{FAE04EC0-301F-11D3-BF4B-00C04F79EFBC}") = "Infrastructure", "Infrastructure\Infrastructure.csproj", "{8A18BDEF-9E7F-4056-85AE-D316D561EDB8}"
EndProject
Project("{FAE04EC0-301F-11D3-BF4B-00C04F79EFBC}") = "KeywordHashingCronJob", "KeywordHashingCronJob\KeywordHashingCronJob.csproj", "{0D0734FC-8307-4EC2-BA71-81C230EA170E}"
EndProject
Global
	GlobalSection(SolutionConfigurationPlatforms) = preSolution
		Debug|Any CPU = Debug|Any CPU
		Release|Any CPU = Release|Any CPU
	EndGlobalSection
	GlobalSection(ProjectConfigurationPlatforms) = postSolution
		{5BF27A54-0CBA-472E-8F91-165A6D2C177B}.Debug|Any CPU.ActiveCfg = Debug|Any CPU
		{5BF27A54-0CBA-472E-8F91-165A6D2C177B}.Debug|Any CPU.Build.0 = Debug|Any CPU
		{5BF27A54-0CBA-472E-8F91-165A6D2C177B}.Release|Any CPU.ActiveCfg = Release|Any CPU
		{5BF27A54-0CBA-472E-8F91-165A6D2C177B}.Release|Any CPU.Build.0 = Release|Any CPU
		{4CD2B7DD-11A2-40AE-B07E-B0202743FA8A}.Debug|Any CPU.ActiveCfg = Debug|Any CPU
		{4CD2B7DD-11A2-40AE-B07E-B0202743FA8A}.Debug|Any CPU.Build.0 = Debug|Any CPU
		{4CD2B7DD-11A2-40AE-B07E-B0202743FA8A}.Release|Any CPU.ActiveCfg = Release|Any CPU
		{4CD2B7DD-11A2-40AE-B07E-B0202743FA8A}.Release|Any CPU.Build.0 = Release|Any CPU
		{8A18BDEF-9E7F-4056-85AE-D316D561EDB8}.Debug|Any CPU.ActiveCfg = Debug|Any CPU
		{8A18BDEF-9E7F-4056-85AE-D316D561EDB8}.Debug|Any CPU.Build.0 = Debug|Any CPU
		{8A18BDEF-9E7F-4056-85AE-D316D561EDB8}.Release|Any CPU.ActiveCfg = Release|Any CPU
		{8A18BDEF-9E7F-4056-85AE-D316D561EDB8}.Release|Any CPU.Build.0 = Release|Any CPU
		{0D0734FC-8307-4EC2-BA71-81C230EA170E}.Debug|Any CPU.ActiveCfg = Debug|Any CPU
		{0D0734FC-8307-4EC2-BA71-81C230EA170E}.Debug|Any CPU.Build.0 = Debug|Any CPU
		{0D0734FC-8307-4EC2-BA71-81C230EA170E}.Release|Any CPU.ActiveCfg = Release|Any CPU
		{0D0734FC-8307-4EC2-BA71-81C230EA170E}.Release|Any CPU.Build.0 = Release|Any CPU
	EndGlobalSection
	GlobalSection(NestedProjects) = preSolution
		{5BF27A54-0CBA-472E-8F91-165A6D2C177B} = {95EDD9D9-EEB1-46C8-9E2A-C29A692CD9EE}
		{4CD2B7DD-11A2-40AE-B07E-B0202743FA8A} = {95EDD9D9-EEB1-46C8-9E2A-C29A692CD9EE}
		{8A18BDEF-9E7F-4056-85AE-D316D561EDB8} = {95EDD9D9-EEB1-46C8-9E2A-C29A692CD9EE}
		{0D0734FC-8307-4EC2-BA71-81C230EA170E} = {95EDD9D9-EEB1-46C8-9E2A-C29A692CD9EE}
	EndGlobalSection
EndGlobal
